
Microsoft Visual Studio Solution File, Format Version 12.00
# Visual Studio Version 17
VisualStudioVersion = 17.7.34018.315
MinimumVisualStudioVersion = 10.0.40219.1
Project("{9A19103F-16F7-4668-BE54-9A1E7A4F7556}") = "MoviesFair", "MoviesFair\MoviesFair.csproj", "{2A03458D-215D-40FA-9617-A1881C8932B0}"
EndProject
Project("{FAE04EC0-301F-11D3-BF4B-00C04F79EFBC}") = "TestProject.text", "TestProject.text\TestProject.text.csproj", "{A8E2AEF8-F58C-4E06-BC7E-632D9553C2B4}"
EndProject
Global
	GlobalSection(SolutionConfigurationPlatforms) = preSolution
		Debug|Any CPU = Debug|Any CPU
		Release|Any CPU = Release|Any CPU
	EndGlobalSection
	GlobalSection(ProjectConfigurationPlatforms) = postSolution
		{2A03458D-215D-40FA-9617-A1881C8932B0}.Debug|Any CPU.ActiveCfg = Debug|Any CPU
		{2A03458D-215D-40FA-9617-A1881C8932B0}.Debug|Any CPU.Build.0 = Debug|Any CPU
		{2A03458D-215D-40FA-9617-A1881C8932B0}.Release|Any CPU.ActiveCfg = Release|Any CPU
		{2A03458D-215D-40FA-9617-A1881C8932B0}.Release|Any CPU.Build.0 = Release|Any CPU
		{A8E2AEF8-F58C-4E06-BC7E-632D9553C2B4}.Debug|Any CPU.ActiveCfg = Debug|Any CPU
		{A8E2AEF8-F58C-4E06-BC7E-632D9553C2B4}.Debug|Any CPU.Build.0 = Debug|Any CPU
		{A8E2AEF8-F58C-4E06-BC7E-632D9553C2B4}.Release|Any CPU.ActiveCfg = Release|Any CPU
		{A8E2AEF8-F58C-4E06-BC7E-632D9553C2B4}.Release|Any CPU.Build.0 = Release|Any CPU
	EndGlobalSection
	GlobalSection(SolutionProperties) = preSolution
		HideSolutionNode = FALSE
	EndGlobalSection
	GlobalSection(ExtensibilityGlobals) = postSolution
		SolutionGuid = {F48F2499-8026-49D2-82AB-CB1E3B171CCC}
	EndGlobalSection
EndGlobal
